// !$*UTF8*$!
{
	archiveVersion = 1;
	classes = {
	};
	objectVersion = 56;
	objects = {

/* Begin PBXBuildFile section */
		BEAC6B052AE6F6880000F321 /* VideoLagAfterPauseApp.swift in Sources */ = {isa = PBXBuildFile; fileRef = BEAC6B042AE6F6880000F321 /* VideoLagAfterPauseApp.swift */; };
		BEAC6B072AE6F6880000F321 /* ContentView.swift in Sources */ = {isa = PBXBuildFile; fileRef = BEAC6B062AE6F6880000F321 /* ContentView.swift */; };
		BEAC6B092AE6F6890000F321 /* Assets.xcassets in Resources */ = {isa = PBXBuildFile; fileRef = BEAC6B082AE6F6890000F321 /* Assets.xcassets */; };
		BEAC6B0C2AE6F6890000F321 /* Preview Assets.xcassets in Resources */ = {isa = PBXBuildFile; fileRef = BEAC6B0B2AE6F6890000F321 /* Preview Assets.xcassets */; };
		BEAC6B132AE6F7750000F321 /* example_video.mp4 in Resources */ = {isa = PBXBuildFile; fileRef = BEAC6B122AE6F7750000F321 /* example_video.mp4 */; };
		BEAC6B152AE701BB0000F321 /* example_video_2.mp4 in Resources */ = {isa = PBXBuildFile; fileRef = BEAC6B142AE701BB0000F321 /* example_video_2.mp4 */; };
		BEAC6B172AE702B90000F321 /* example_video_3.mp4 in Resources */ = {isa = PBXBuildFile; fileRef = BEAC6B162AE702B90000F321 /* example_video_3.mp4 */; };
		BEAC6B192AE703A00000F321 /* light_leak_2.mp4 in Resources */ = {isa = PBXBuildFile; fileRef = BEAC6B182AE703A00000F321 /* light_leak_2.mp4 */; };
/* End PBXBuildFile section */

/* Begin PBXFileReference section */
		BEAC6B012AE6F6880000F321 /* VideoLagAfterPause.app */ = {isa = PBXFileReference; explicitFileType = wrapper.application; includeInIndex = 0; path = VideoLagAfterPause.app; sourceTree = BUILT_PRODUCTS_DIR; };
		BEAC6B042AE6F6880000F321 /* VideoLagAfterPauseApp.swift */ = {isa = PBXFileReference; lastKnownFileType = sourcecode.swift; path = VideoLagAfterPauseApp.swift; sourceTree = "<group>"; };
		BEAC6B062AE6F6880000F321 /* ContentView.swift */ = {isa = PBXFileReference; lastKnownFileType = sourcecode.swift; path = ContentView.swift; sourceTree = "<group>"; };
		BEAC6B082AE6F6890000F321 /* Assets.xcassets */ = {isa = PBXFileReference; lastKnownFileType = folder.assetcatalog; path = Assets.xcassets; sourceTree = "<group>"; };
		BEAC6B0B2AE6F6890000F321 /* Preview Assets.xcassets */ = {isa = PBXFileReference; lastKnownFileType = folder.assetcatalog; path = "Preview Assets.xcassets"; sourceTree = "<group>"; };
		BEAC6B122AE6F7750000F321 /* example_video.mp4 */ = {isa = PBXFileReference; lastKnownFileType = file; path = example_video.mp4; sourceTree = "<group>"; };
		BEAC6B142AE701BB0000F321 /* example_video_2.mp4 */ = {isa = PBXFileReference; lastKnownFileType = file; path = example_video_2.mp4; sourceTree = "<group>"; };
		BEAC6B162AE702B90000F321 /* example_video_3.mp4 */ = {isa = PBXFileReference; lastKnownFileType = file; path = example_video_3.mp4; sourceTree = "<group>"; };
		BEAC6B182AE703A00000F321 /* light_leak_2.mp4 */ = {isa = PBXFileReference; lastKnownFileType = file; path = light_leak_2.mp4; sourceTree = "<group>"; };
/* End PBXFileReference section */

/* Begin PBXFrameworksBuildPhase section */
		BEAC6AFE2AE6F6880000F321 /* Frameworks */ = {
			isa = PBXFrameworksBuildPhase;
			buildActionMask = 2147483647;
			files = (
			);
			runOnlyForDeploymentPostprocessing = 0;
		};
/* End PBXFrameworksBuildPhase section */

/* Begin PBXGroup section */
		BEAC6AF82AE6F6880000F321 = {
			isa = PBXGroup;
			children = (
				BEAC6B032AE6F6880000F321 /* VideoLagAfterPause */,
				BEAC6B022AE6F6880000F321 /* Products */,
			);
			sourceTree = "<group>";
		};
		BEAC6B022AE6F6880000F321 /* Products */ = {
			isa = PBXGroup;
			children = (
				BEAC6B012AE6F6880000F321 /* VideoLagAfterPause.app */,
			);
			name = Products;
			sourceTree = "<group>";
		};
		BEAC6B032AE6F6880000F321 /* VideoLagAfterPause */ = {
			isa = PBXGroup;
			children = (
				BEAC6B122AE6F7750000F321 /* example_video.mp4 */,
				BEAC6B142AE701BB0000F321 /* example_video_2.mp4 */,
				BEAC6B162AE702B90000F321 /* example_video_3.mp4 */,
				BEAC6B182AE703A00000F321 /* light_leak_2.mp4 */,
				BEAC6B042AE6F6880000F321 /* VideoLagAfterPauseApp.swift */,
				BEAC6B062AE6F6880000F321 /* ContentView.swift */,
				BEAC6B082AE6F6890000F321 /* Assets.xcassets */,
				BEAC6B0A2AE6F6890000F321 /* Preview Content */,
			);
			path = VideoLagAfterPause;
			sourceTree = "<group>";
		};
		BEAC6B0A2AE6F6890000F321 /* Preview Content */ = {
			isa = PBXGroup;
			children = (
				BEAC6B0B2AE6F6890000F321 /* Preview Assets.xcassets */,
			);
			path = "Preview Content";
			sourceTree = "<group>";
		};
/* End PBXGroup section */

/* Begin PBXNativeTarget section */
		BEAC6B002AE6F6880000F321 /* VideoLagAfterPause */ = {
			isa = PBXNativeTarget;
			buildConfigurationList = BEAC6B0F2AE6F6890000F321 /* Build configuration list for PBXNativeTarget "VideoLagAfterPause" */;
			buildPhases = (
				BEAC6AFD2AE6F6880000F321 /* Sources */,
				BEAC6AFE2AE6F6880000F321 /* Frameworks */,
				BEAC6AFF2AE6F6880000F321 /* Resources */,
			);
			buildRules = (
			);
			dependencies = (
			);
			name = VideoLagAfterPause;
			productName = VideoLagAfterPause;
			productReference = BEAC6B012AE6F6880000F321 /* VideoLagAfterPause.app */;
			productType = "com.apple.product-type.application";
		};
/* End PBXNativeTarget section */

/* Begin PBXProject section */
		BEAC6AF92AE6F6880000F321 /* Project object */ = {
			isa = PBXProject;
			attributes = {
				BuildIndependentTargetsInParallel = 1;
				LastSwiftUpdateCheck = 1500;
				LastUpgradeCheck = 1500;
				TargetAttributes = {
					BEAC6B002AE6F6880000F321 = {
						CreatedOnToolsVersion = 15.0;
					};
				};
			};
			buildConfigurationList = BEAC6AFC2AE6F6880000F321 /* Build configuration list for PBXProject "VideoLagAfterPause" */;
			compatibilityVersion = "Xcode 14.0";
			developmentRegion = en;
			hasScannedForEncodings = 0;
			knownRegions = (
				en,
				Base,
			);
			mainGroup = BEAC6AF82AE6F6880000F321;
			productRefGroup = BEAC6B022AE6F6880000F321 /* Products */;
			projectDirPath = "";
			projectRoot = "";
			targets = (
				BEAC6B002AE6F6880000F321 /* VideoLagAfterPause */,
			);
		};
/* End PBXProject section */

/* Begin PBXResourcesBuildPhase section */
		BEAC6AFF2AE6F6880000F321 /* Resources */ = {
			isa = PBXResourcesBuildPhase;
			buildActionMask = 2147483647;
			files = (
				BEAC6B152AE701BB0000F321 /* example_video_2.mp4 in Resources */,
				BEAC6B132AE6F7750000F321 /* example_video.mp4 in Resources */,
				BEAC6B172AE702B90000F321 /* example_video_3.mp4 in Resources */,
				BEAC6B0C2AE6F6890000F321 /* Preview Assets.xcassets in Resources */,
				BEAC6B192AE703A00000F321 /* light_leak_2.mp4 in Resources */,
				BEAC6B092AE6F6890000F321 /* Assets.xcassets in Resources */,
			);
			runOnlyForDeploymentPostprocessing = 0;
		};
/* End PBXResourcesBuildPhase section */

/* Begin PBXSourcesBuildPhase section */
		BEAC6AFD2AE6F6880000F321 /* Sources */ = {
			isa = PBXSourcesBuildPhase;
			buildActionMask = 2147483647;
			files = (
				BEAC6B072AE6F6880000F321 /* ContentView.swift in Sources */,
				BEAC6B052AE6F6880000F321 /* VideoLagAfterPauseApp.swift in Sources */,
			);
			runOnlyForDeploymentPostprocessing = 0;
		};
/* End PBXSourcesBuildPhase section */

/* Begin XCBuildConfiguration section */
		BEAC6B0D2AE6F6890000F321 /* Debug */ = {
			isa = XCBuildConfiguration;
			buildSettings = {
				ALWAYS_SEARCH_USER_PATHS = NO;
				ASSETCATALOG_COMPILER_GENERATE_SWIFT_ASSET_SYMBOL_EXTENSIONS = YES;
				CLANG_ANALYZER_NONNULL = YES;
				CLANG_ANALYZER_NUMBER_OBJECT_CONVERSION = YES_AGGRESSIVE;
				CLANG_CXX_LANGUAGE_STANDARD = "gnu++20";
				CLANG_ENABLE_MODULES = YES;
				CLANG_ENABLE_OBJC_ARC = YES;
				CLANG_ENABLE_OBJC_WEAK = YES;
				CLANG_WARN_BLOCK_CAPTURE_AUTORELEASING = YES;
				CLANG_WARN_BOOL_CONVERSION = YES;
				CLANG_WARN_COMMA = YES;
				CLANG_WARN_CONSTANT_CONVERSION = YES;
				CLANG_WARN_DEPRECATED_OBJC_IMPLEMENTATIONS = YES;
				CLANG_WARN_DIRECT_OBJC_ISA_USAGE = YES_ERROR;
				CLANG_WARN_DOCUMENTATION_COMMENTS = YES;
				CLANG_WARN_EMPTY_BODY = YES;
				CLANG_WARN_ENUM_CONVERSION = YES;
				CLANG_WARN_INFINITE_RECURSION = YES;
				CLANG_WARN_INT_CONVERSION = YES;
				CLANG_WARN_NON_LITERAL_NULL_CONVERSION = YES;
				CLANG_WARN_OBJC_IMPLICIT_RETAIN_SELF = YES;
				CLANG_WARN_OBJC_LITERAL_CONVERSION = YES;
				CLANG_WARN_OBJC_ROOT_CLASS = YES_ERROR;
				CLANG_WARN_QUOTED_INCLUDE_IN_FRAMEWORK_HEADER = YES;
				CLANG_WARN_RANGE_LOOP_ANALYSIS = YES;
				CLANG_WARN_STRICT_PROTOTYPES = YES;
				CLANG_WARN_SUSPICIOUS_MOVE = YES;
				CLANG_WARN_UNGUARDED_AVAILABILITY = YES_AGGRESSIVE;
				CLANG_WARN_UNREACHABLE_CODE = YES;
				CLANG_WARN__DUPLICATE_METHOD_MATCH = YES;
				COPY_PHASE_STRIP = NO;
				DEBUG_INFORMATION_FORMAT = dwarf;
				ENABLE_STRICT_OBJC_MSGSEND = YES;
				ENABLE_TESTABILITY = YES;
				ENABLE_USER_SCRIPT_SANDBOXING = YES;
				GCC_C_LANGUAGE_STANDARD = gnu17;
				GCC_DYNAMIC_NO_PIC = NO;
				GCC_NO_COMMON_BLOCKS = YES;
				GCC_OPTIMIZATION_LEVEL = 0;
				GCC_PREPROCESSOR_DEFINITIONS = (
					"DEBUG=1",
					"$(inherited)",
				);
				GCC_WARN_64_TO_32_BIT_CONVERSION = YES;
				GCC_WARN_ABOUT_RETURN_TYPE = YES_ERROR;
				GCC_WARN_UNDECLARED_SELECTOR = YES;
				GCC_WARN_UNINITIALIZED_AUTOS = YES_AGGRESSIVE;
				GCC_WARN_UNUSED_FUNCTION = YES;
				GCC_WARN_UNUSED_VARIABLE = YES;
				IPHONEOS_DEPLOYMENT_TARGET = 17.0;
				LOCALIZATION_PREFERS_STRING_CATALOGS = YES;
				MTL_ENABLE_DEBUG_INFO = INCLUDE_SOURCE;
				MTL_FAST_MATH = YES;
				ONLY_ACTIVE_ARCH = YES;
				SDKROOT = iphoneos;
				SWIFT_ACTIVE_COMPILATION_CONDITIONS = "DEBUG $(inherited)";
				SWIFT_OPTIMIZATION_LEVEL = "-Onone";
			};
			name = Debug;
		};
		BEAC6B0E2AE6F6890000F321 /* Release */ = {
			isa = XCBuildConfiguration;
			buildSettings = {
				ALWAYS_SEARCH_USER_PATHS = NO;
				ASSETCATALOG_COMPILER_GENERATE_SWIFT_ASSET_SYMBOL_EXTENSIONS = YES;
				CLANG_ANALYZER_NONNULL = YES;
				CLANG_ANALYZER_NUMBER_OBJECT_CONVERSION = YES_AGGRESSIVE;
				CLANG_CXX_LANGUAGE_STANDARD = "gnu++20";
				CLANG_ENABLE_MODULES = YES;
				CLANG_ENABLE_OBJC_ARC = YES;
				CLANG_ENABLE_OBJC_WEAK = YES;
				CLANG_WARN_BLOCK_CAPTURE_AUTORELEASING = YES;
				CLANG_WARN_BOOL_CONVERSION = YES;
				CLANG_WARN_COMMA = YES;
				CLANG_WARN_CONSTANT_CONVERSION = YES;
				CLANG_WARN_DEPRECATED_OBJC_IMPLEMENTATIONS = YES;
				CLANG_WARN_DIRECT_OBJC_ISA_USAGE = YES_ERROR;
				CLANG_WARN_DOCUMENTATION_COMMENTS = YES;
				CLANG_WARN_EMPTY_BODY = YES;
				CLANG_WARN_ENUM_CONVERSION = YES;
				CLANG_WARN_INFINITE_RECURSION = YES;
				CLANG_WARN_INT_CONVERSION = YES;
				CLANG_WARN_NON_LITERAL_NULL_CONVERSION = YES;
				CLANG_WARN_OBJC_IMPLICIT_RETAIN_SELF = YES;
				CLANG_WARN_OBJC_LITERAL_CONVERSION = YES;
				CLANG_WARN_OBJC_ROOT_CLASS = YES_ERROR;
				CLANG_WARN_QUOTED_INCLUDE_IN_FRAMEWORK_HEADER = YES;
				CLANG_WARN_RANGE_LOOP_ANALYSIS = YES;
				CLANG_WARN_STRICT_PROTOTYPES = YES;
				CLANG_WARN_SUSPICIOUS_MOVE = YES;
				CLANG_WARN_UNGUARDED_AVAILABILITY = YES_AGGRESSIVE;
				CLANG_WARN_UNREACHABLE_CODE = YES;
				CLANG_WARN__DUPLICATE_METHOD_MATCH = YES;
				COPY_PHASE_STRIP = NO;
				DEBUG_INFORMATION_FORMAT = "dwarf-with-dsym";
				ENABLE_NS_ASSERTIONS = NO;
				ENABLE_STRICT_OBJC_MSGSEND = YES;
				ENABLE_USER_SCRIPT_SANDBOXING = YES;
				GCC_C_LANGUAGE_STANDARD = gnu17;
				GCC_NO_COMMON_BLOCKS = YES;
				GCC_WARN_64_TO_32_BIT_CONVERSION = YES;
				GCC_WARN_ABOUT_RETURN_TYPE = YES_ERROR;
				GCC_WARN_UNDECLARED_SELECTOR = YES;
				GCC_WARN_UNINITIALIZED_AUTOS = YES_AGGRESSIVE;
				GCC_WARN_UNUSED_FUNCTION = YES;
				GCC_WARN_UNUSED_VARIABLE = YES;
				IPHONEOS_DEPLOYMENT_TARGET = 17.0;
				LOCALIZATION_PREFERS_STRING_CATALOGS = YES;
				MTL_ENABLE_DEBUG_INFO = NO;
				MTL_FAST_MATH = YES;
				SDKROOT = iphoneos;
				SWIFT_COMPILATION_MODE = wholemodule;
				VALIDATE_PRODUCT = YES;
			};
			name = Release;
		};
		BEAC6B102AE6F6890000F321 /* Debug */ = {
			isa = XCBuildConfiguration;
			buildSettings = {
				ASSETCATALOG_COMPILER_APPICON_NAME = AppIcon;
				ASSETCATALOG_COMPILER_GLOBAL_ACCENT_COLOR_NAME = AccentColor;
				CODE_SIGN_STYLE = Automatic;
				CURRENT_PROJECT_VERSION = 1;
				DEVELOPMENT_ASSET_PATHS = "\"VideoLagAfterPause/Preview Content\"";
				DEVELOPMENT_TEAM = GB2TNH3XZ3;
				ENABLE_PREVIEWS = YES;
				GENERATE_INFOPLIST_FILE = YES;
				INFOPLIST_KEY_UIApplicationSceneManifest_Generation = YES;
				INFOPLIST_KEY_UIApplicationSupportsIndirectInputEvents = YES;
				INFOPLIST_KEY_UILaunchScreen_Generation = YES;
				INFOPLIST_KEY_UISupportedInterfaceOrientations_iPad = "UIInterfaceOrientationPortrait UIInterfaceOrientationPortraitUpsideDown UIInterfaceOrientationLandscapeLeft UIInterfaceOrientationLandscapeRight";
				INFOPLIST_KEY_UISupportedInterfaceOrientations_iPhone = "UIInterfaceOrientationPortrait UIInterfaceOrientationLandscapeLeft UIInterfaceOrientationLandscapeRight";
				LD_RUNPATH_SEARCH_PATHS = (
					"$(inherited)",
					"@executable_path/Frameworks",
				);
				MARKETING_VERSION = 1.0;
				PRODUCT_BUNDLE_IDENTIFIER = com.excore.VideoLagAfterPause;
				PRODUCT_NAME = "$(TARGET_NAME)";
				SWIFT_EMIT_LOC_STRINGS = YES;
				SWIFT_VERSION = 5.0;
				TARGETED_DEVICE_FAMILY = "1,2";
			};
			name = Debug;
		};
		BEAC6B112AE6F6890000F321 /* Release */ = {
			isa = XCBuildConfiguration;
			buildSettings = {
				ASSETCATALOG_COMPILER_APPICON_NAME = AppIcon;
				ASSETCATALOG_COMPILER_GLOBAL_ACCENT_COLOR_NAME = AccentColor;
				CODE_SIGN_STYLE = Automatic;
				CURRENT_PROJECT_VERSION = 1;
				DEVELOPMENT_ASSET_PATHS = "\"VideoLagAfterPause/Preview Content\"";
				DEVELOPMENT_TEAM = GB2TNH3XZ3;
				ENABLE_PREVIEWS = YES;
				GENERATE_INFOPLIST_FILE = YES;
				INFOPLIST_KEY_UIApplicationSceneManifest_Generation = YES;
				INFOPLIST_KEY_UIApplicationSupportsIndirectInputEvents = YES;
				INFOPLIST_KEY_UILaunchScreen_Generation = YES;
				INFOPLIST_KEY_UISupportedInterfaceOrientations_iPad = "UIInterfaceOrientationPortrait UIInterfaceOrientationPortraitUpsideDown UIInterfaceOrientationLandscapeLeft UIInterfaceOrientationLandscapeRight";
				INFOPLIST_KEY_UISupportedInterfaceOrientations_iPhone = "UIInterfaceOrientationPortrait UIInterfaceOrientationLandscapeLeft UIInterfaceOrientationLandscapeRight";
				LD_RUNPATH_SEARCH_PATHS = (
					"$(inherited)",
					"@executable_path/Frameworks",
				);
				MARKETING_VERSION = 1.0;
				PRODUCT_BUNDLE_IDENTIFIER = com.excore.VideoLagAfterPause;
				PRODUCT_NAME = "$(TARGET_NAME)";
				SWIFT_EMIT_LOC_STRINGS = YES;
				SWIFT_VERSION = 5.0;
				TARGETED_DEVICE_FAMILY = "1,2";
			};
			name = Release;
		};
/* End XCBuildConfiguration section */

/* Begin XCConfigurationList section */
		BEAC6AFC2AE6F6880000F321 /* Build configuration list for PBXProject "VideoLagAfterPause" */ = {
			isa = XCConfigurationList;
			buildConfigurations = (
				BEAC6B0D2AE6F6890000F321 /* Debug */,
				BEAC6B0E2AE6F6890000F321 /* Release */,
			);
			defaultConfigurationIsVisible = 0;
			defaultConfigurationName = Release;
		};
		BEAC6B0F2AE6F6890000F321 /* Build configuration list for PBXNativeTarget "VideoLagAfterPause" */ = {
			isa = XCConfigurationList;
			buildConfigurations = (
				BEAC6B102AE6F6890000F321 /* Debug */,
				BEAC6B112AE6F6890000F321 /* Release */,
			);
			defaultConfigurationIsVisible = 0;
			defaultConfigurationName = Release;
		};
/* End XCConfigurationList section */
	};
	rootObject = BEAC6AF92AE6F6880000F321 /* Project object */;
}
